
Microsoft Visual Studio Solution File, Format Version 12.00
# Visual Studio Version 17
VisualStudioVersion = 17.14.36212.18
MinimumVisualStudioVersion = 10.0.40219.1
Project("{FAE04EC0-301F-11D3-BF4B-00C04F79EFBC}") = "DataAggregator", "DataAggregator\DataAggregator.csproj", "{79012A92-B03A-4F4F-94E8-27797A770B00}"
EndProject
Project("{FAE04EC0-301F-11D3-BF4B-00C04F79EFBC}") = "DataHarvesterApteka103By", "DataHarvesterApteka103By\DataHarvesterApteka103By.csproj", "{BA42D9C6-5A6C-4F32-9037-3306A78F545D}"
EndProject
Project("{FAE04EC0-301F-11D3-BF4B-00C04F79EFBC}") = "DataHarvesterTabletkaBy", "DataHarvesterTabletkaBy\DataHarvesterTabletkaBy.csproj", "{FA173A1A-1530-4A2F-81B8-2C9AAA1AE8CC}"
EndProject
Project("{FAE04EC0-301F-11D3-BF4B-00C04F79EFBC}") = "DataHarvester", "DataHarvester\DataHarvester.csproj", "{530F028E-737F-484D-B66B-9FFA7E7B135D}"
EndProject
Project("{FAE04EC0-301F-11D3-BF4B-00C04F79EFBC}") = "Orchestrator", "Orchestrator\Orchestrator.csproj", "{DDDD405E-C502-4E9E-8CD2-BBFE28B68BFB}"
EndProject
Project("{FAE04EC0-301F-11D3-BF4B-00C04F79EFBC}") = "NotificationBot", "NotificationBot\NotificationBot.csproj", "{96907102-6E9C-4C58-837A-1E88971A340A}"
EndProject
Project("{FAE04EC0-301F-11D3-BF4B-00C04F79EFBC}") = "Common", "Common\Common.csproj", "{90813FFC-675D-496A-920C-33C901B6D750}"
EndProject
Project("{E53339B2-1760-4266-BCC7-CA923CBCF16C}") = "docker-compose", "docker-compose.dcproj", "{81DDED9D-158B-E303-5F62-77A2896D2A5A}"
EndProject
Project("{FAE04EC0-301F-11D3-BF4B-00C04F79EFBC}") = "Tests", "Tests\Tests.csproj", "{F65E9C4E-1A06-414D-BAF4-E8FCD309A352}"
EndProject
Project("{2150E333-8FDC-42A3-9474-1A3956D46DE8}") = "ELK", "ELK", "{02EA681E-C7D8-13C7-8484-4AC65E1B71E8}"
	ProjectSection(SolutionItems) = preProject
		ELK\docker-compose-elk.yml = ELK\docker-compose-elk.yml
	EndProjectSection
EndProject
Project("{2150E333-8FDC-42A3-9474-1A3956D46DE8}") = "logstash", "logstash", "{F12DC24B-F1A5-4026-9780-5EF3D35047DB}"
EndProject
Project("{2150E333-8FDC-42A3-9474-1A3956D46DE8}") = "config", "config", "{B25BB10C-598D-49D0-AED9-306FADBC77F9}"
	ProjectSection(SolutionItems) = preProject
		ELK\logstash\config\logstash.yml = ELK\logstash\config\logstash.yml
	EndProjectSection
EndProject
Project("{2150E333-8FDC-42A3-9474-1A3956D46DE8}") = "pipeline", "pipeline", "{6A7863A3-6594-4689-8BE5-7A41632EE40C}"
	ProjectSection(SolutionItems) = preProject
		ELK\logstash\pipeline\logstash.conf = ELK\logstash\pipeline\logstash.conf
	EndProjectSection
EndProject
Project("{FAE04EC0-301F-11D3-BF4B-00C04F79EFBC}") = "Logging", "Logging\Logging.csproj", "{00AF038A-0E2C-424E-BE7C-040594018CF1}"
EndProject
Global
	GlobalSection(SolutionConfigurationPlatforms) = preSolution
		Debug|Any CPU = Debug|Any CPU
		Release|Any CPU = Release|Any CPU
	EndGlobalSection
	GlobalSection(ProjectConfigurationPlatforms) = postSolution
		{79012A92-B03A-4F4F-94E8-27797A770B00}.Debug|Any CPU.ActiveCfg = Debug|Any CPU
		{79012A92-B03A-4F4F-94E8-27797A770B00}.Debug|Any CPU.Build.0 = Debug|Any CPU
		{79012A92-B03A-4F4F-94E8-27797A770B00}.Release|Any CPU.ActiveCfg = Release|Any CPU
		{79012A92-B03A-4F4F-94E8-27797A770B00}.Release|Any CPU.Build.0 = Release|Any CPU
		{BA42D9C6-5A6C-4F32-9037-3306A78F545D}.Debug|Any CPU.ActiveCfg = Debug|Any CPU
		{BA42D9C6-5A6C-4F32-9037-3306A78F545D}.Debug|Any CPU.Build.0 = Debug|Any CPU
		{BA42D9C6-5A6C-4F32-9037-3306A78F545D}.Release|Any CPU.ActiveCfg = Release|Any CPU
		{BA42D9C6-5A6C-4F32-9037-3306A78F545D}.Release|Any CPU.Build.0 = Release|Any CPU
		{FA173A1A-1530-4A2F-81B8-2C9AAA1AE8CC}.Debug|Any CPU.ActiveCfg = Debug|Any CPU
		{FA173A1A-1530-4A2F-81B8-2C9AAA1AE8CC}.Debug|Any CPU.Build.0 = Debug|Any CPU
		{FA173A1A-1530-4A2F-81B8-2C9AAA1AE8CC}.Release|Any CPU.ActiveCfg = Release|Any CPU
		{FA173A1A-1530-4A2F-81B8-2C9AAA1AE8CC}.Release|Any CPU.Build.0 = Release|Any CPU
		{530F028E-737F-484D-B66B-9FFA7E7B135D}.Debug|Any CPU.ActiveCfg = Debug|Any CPU
		{530F028E-737F-484D-B66B-9FFA7E7B135D}.Debug|Any CPU.Build.0 = Debug|Any CPU
		{530F028E-737F-484D-B66B-9FFA7E7B135D}.Release|Any CPU.ActiveCfg = Release|Any CPU
		{530F028E-737F-484D-B66B-9FFA7E7B135D}.Release|Any CPU.Build.0 = Release|Any CPU
		{DDDD405E-C502-4E9E-8CD2-BBFE28B68BFB}.Debug|Any CPU.ActiveCfg = Debug|Any CPU
		{DDDD405E-C502-4E9E-8CD2-BBFE28B68BFB}.Debug|Any CPU.Build.0 = Debug|Any CPU
		{DDDD405E-C502-4E9E-8CD2-BBFE28B68BFB}.Release|Any CPU.ActiveCfg = Release|Any CPU
		{DDDD405E-C502-4E9E-8CD2-BBFE28B68BFB}.Release|Any CPU.Build.0 = Release|Any CPU
		{96907102-6E9C-4C58-837A-1E88971A340A}.Debug|Any CPU.ActiveCfg = Debug|Any CPU
		{96907102-6E9C-4C58-837A-1E88971A340A}.Debug|Any CPU.Build.0 = Debug|Any CPU
		{96907102-6E9C-4C58-837A-1E88971A340A}.Release|Any CPU.ActiveCfg = Release|Any CPU
		{96907102-6E9C-4C58-837A-1E88971A340A}.Release|Any CPU.Build.0 = Release|Any CPU
		{90813FFC-675D-496A-920C-33C901B6D750}.Debug|Any CPU.ActiveCfg = Debug|Any CPU
		{90813FFC-675D-496A-920C-33C901B6D750}.Debug|Any CPU.Build.0 = Debug|Any CPU
		{90813FFC-675D-496A-920C-33C901B6D750}.Release|Any CPU.ActiveCfg = Release|Any CPU
		{90813FFC-675D-496A-920C-33C901B6D750}.Release|Any CPU.Build.0 = Release|Any CPU
		{81DDED9D-158B-E303-5F62-77A2896D2A5A}.Debug|Any CPU.ActiveCfg = Debug|Any CPU
		{81DDED9D-158B-E303-5F62-77A2896D2A5A}.Debug|Any CPU.Build.0 = Debug|Any CPU
		{81DDED9D-158B-E303-5F62-77A2896D2A5A}.Release|Any CPU.ActiveCfg = Release|Any CPU
		{81DDED9D-158B-E303-5F62-77A2896D2A5A}.Release|Any CPU.Build.0 = Release|Any CPU
		{F65E9C4E-1A06-414D-BAF4-E8FCD309A352}.Debug|Any CPU.ActiveCfg = Debug|Any CPU
		{F65E9C4E-1A06-414D-BAF4-E8FCD309A352}.Debug|Any CPU.Build.0 = Debug|Any CPU
		{F65E9C4E-1A06-414D-BAF4-E8FCD309A352}.Release|Any CPU.ActiveCfg = Release|Any CPU
		{F65E9C4E-1A06-414D-BAF4-E8FCD309A352}.Release|Any CPU.Build.0 = Release|Any CPU
		{00AF038A-0E2C-424E-BE7C-040594018CF1}.Debug|Any CPU.ActiveCfg = Debug|Any CPU
		{00AF038A-0E2C-424E-BE7C-040594018CF1}.Debug|Any CPU.Build.0 = Debug|Any CPU
		{00AF038A-0E2C-424E-BE7C-040594018CF1}.Release|Any CPU.ActiveCfg = Release|Any CPU
		{00AF038A-0E2C-424E-BE7C-040594018CF1}.Release|Any CPU.Build.0 = Release|Any CPU
	EndGlobalSection
	GlobalSection(SolutionProperties) = preSolution
		HideSolutionNode = FALSE
	EndGlobalSection
	GlobalSection(NestedProjects) = preSolution
		{F12DC24B-F1A5-4026-9780-5EF3D35047DB} = {02EA681E-C7D8-13C7-8484-4AC65E1B71E8}
		{B25BB10C-598D-49D0-AED9-306FADBC77F9} = {F12DC24B-F1A5-4026-9780-5EF3D35047DB}
		{6A7863A3-6594-4689-8BE5-7A41632EE40C} = {F12DC24B-F1A5-4026-9780-5EF3D35047DB}
	EndGlobalSection
	GlobalSection(ExtensibilityGlobals) = postSolution
		SolutionGuid = {75EBFD7A-96EA-41EF-BEEC-2BB676896C77}
	EndGlobalSection
EndGlobal
